
Microsoft Visual Studio Solution File, Format Version 12.00
Project("{FAE04EC0-301F-11D3-BF4B-00C04F79EFBC}") = "lektion_1", "lektion_1\lektion_1.csproj", "{BA5502CD-00DF-4838-9F55-A4129F365CFD}"
EndProject
Project("{2150E333-8FDC-42A3-9474-1A3956D46DE8}") = "Lektion_1", "Lektion_1", "{17FD7D35-0F91-4BFD-AFD2-F9092F6D99ED}"
EndProject
Project("{2150E333-8FDC-42A3-9474-1A3956D46DE8}") = "lektion_2", "lektion_2", "{DE43ACF0-6C61-420E-895A-37502406CAC1}"
EndProject
Project("{FAE04EC0-301F-11D3-BF4B-00C04F79EFBC}") = "myLibrary", "myLibrary\myLibrary.csproj", "{8BE0F61D-AB0E-41EC-AFB8-8DC88ACC9105}"
EndProject
Project("{2150E333-8FDC-42A3-9474-1A3956D46DE8}") = "lektion_4", "lektion_4", "{79710171-A549-4D55-BC59-786CABBC8B55}"
EndProject
Project("{FAE04EC0-301F-11D3-BF4B-00C04F79EFBC}") = "opgaver", "opgaver\opgaver.csproj", "{1F63922B-8F2E-42A4-9438-28C61373CFE7}"
EndProject
Project("{FAE04EC0-301F-11D3-BF4B-00C04F79EFBC}") = "eksempler", "eksempler\eksempler.csproj", "{5B578A58-7FC6-475B-8679-D81344919890}"
EndProject
Project("{FAE04EC0-301F-11D3-BF4B-00C04F79EFBC}") = "opgave4_3", "opgave4_3\opgave4_3.csproj", "{0F70FED9-A677-4BBD-8912-05F97C69BD29}"
EndProject
Project("{FAE04EC0-301F-11D3-BF4B-00C04F79EFBC}") = "opgave4_5", "opgave4_5\opgave4_5.csproj", "{9AE363B1-8A62-4343-A09A-53C5DA1F8F91}"
EndProject
Project("{FAE04EC0-301F-11D3-BF4B-00C04F79EFBC}") = "opgave4_6", "opgave4_6\opgave4_6.csproj", "{AC89E563-D7EE-4811-9FFB-4B9414269EA5}"
EndProject
Project("{FAE04EC0-301F-11D3-BF4B-00C04F79EFBC}") = "opgave4_7", "opgave4_7\opgave4_7.csproj", "{58E393BA-4A10-4897-80E2-50522E49975A}"
EndProject
Project("{2150E333-8FDC-42A3-9474-1A3956D46DE8}") = "Lektion_5", "Lektion_5", "{9D692C7C-B36B-417F-A08E-51C5AEE0C010}"
EndProject
Project("{FAE04EC0-301F-11D3-BF4B-00C04F79EFBC}") = "opgave1_2", "opgave1_2\opgave1_2.csproj", "{0742F3A8-19F2-495B-8A8E-F5ABFC712290}"
EndProject
Project("{FAE04EC0-301F-11D3-BF4B-00C04F79EFBC}") = "opgave5_3", "opgave5_3\opgave5_3.csproj", "{C4DAD398-61B9-4C93-8EED-88D2A4D01015}"
EndProject
Project("{FAE04EC0-301F-11D3-BF4B-00C04F79EFBC}") = "opgave10", "opgave10\opgave10.csproj", "{9E28CA4F-AE8B-4D12-B787-DA58632B6A0C}"
EndProject
Project("{2150E333-8FDC-42A3-9474-1A3956D46DE8}") = "Lektion_6", "Lektion_6", "{BC2223B0-7543-44BA-846C-5478AC9C2147}"
EndProject
Project("{FAE04EC0-301F-11D3-BF4B-00C04F79EFBC}") = "opgave_1", "opgave_1\opgave_1.csproj", "{447BD288-DF2B-49EB-897D-42021581D7BC}"
EndProject
Project("{FAE04EC0-301F-11D3-BF4B-00C04F79EFBC}") = "opgave_2", "opgave_2\opgave_2.csproj", "{73DCAA56-4FE5-4C1F-9E38-9875BBEEE51E}"
EndProject
Project("{FAE04EC0-301F-11D3-BF4B-00C04F79EFBC}") = "musicstore", "musicstore\musicstore.csproj", "{9ECD4DC2-B6BF-4563-9BC8-6365EB00F0FE}"
EndProject
Project("{2150E333-8FDC-42A3-9474-1A3956D46DE8}") = "Lektion_7", "Lektion_7", "{9A77AFBE-EC32-41AD-AD18-C13E42990C96}"
EndProject
Project("{FAE04EC0-301F-11D3-BF4B-00C04F79EFBC}") = "opgave", "opgave\opgave.csproj", "{07C25AFF-C894-4C3D-88FA-DE7BE8451BE6}"
EndProject
Project("{2150E333-8FDC-42A3-9474-1A3956D46DE8}") = "Lektion_8", "Lektion_8", "{389DCE1C-248C-4D63-9F8E-F9A565A2900A}"
EndProject
Project("{FAE04EC0-301F-11D3-BF4B-00C04F79EFBC}") = "Layout", "Layout\Layout.csproj", "{7B437FB4-9E23-4B8A-A245-4575C7D60CEF}"
EndProject
Global
	GlobalSection(SolutionConfigurationPlatforms) = preSolution
		Debug|Any CPU = Debug|Any CPU
		Release|Any CPU = Release|Any CPU
	EndGlobalSection
	GlobalSection(ProjectConfigurationPlatforms) = postSolution
		{BA5502CD-00DF-4838-9F55-A4129F365CFD}.Debug|Any CPU.ActiveCfg = Debug|Any CPU
		{BA5502CD-00DF-4838-9F55-A4129F365CFD}.Debug|Any CPU.Build.0 = Debug|Any CPU
		{BA5502CD-00DF-4838-9F55-A4129F365CFD}.Release|Any CPU.ActiveCfg = Release|Any CPU
		{BA5502CD-00DF-4838-9F55-A4129F365CFD}.Release|Any CPU.Build.0 = Release|Any CPU
		{8BE0F61D-AB0E-41EC-AFB8-8DC88ACC9105}.Debug|Any CPU.ActiveCfg = Debug|Any CPU
		{8BE0F61D-AB0E-41EC-AFB8-8DC88ACC9105}.Debug|Any CPU.Build.0 = Debug|Any CPU
		{8BE0F61D-AB0E-41EC-AFB8-8DC88ACC9105}.Release|Any CPU.ActiveCfg = Release|Any CPU
		{8BE0F61D-AB0E-41EC-AFB8-8DC88ACC9105}.Release|Any CPU.Build.0 = Release|Any CPU
		{1F63922B-8F2E-42A4-9438-28C61373CFE7}.Debug|Any CPU.ActiveCfg = Debug|Any CPU
		{1F63922B-8F2E-42A4-9438-28C61373CFE7}.Debug|Any CPU.Build.0 = Debug|Any CPU
		{1F63922B-8F2E-42A4-9438-28C61373CFE7}.Release|Any CPU.ActiveCfg = Release|Any CPU
		{1F63922B-8F2E-42A4-9438-28C61373CFE7}.Release|Any CPU.Build.0 = Release|Any CPU
		{5B578A58-7FC6-475B-8679-D81344919890}.Debug|Any CPU.ActiveCfg = Debug|Any CPU
		{5B578A58-7FC6-475B-8679-D81344919890}.Debug|Any CPU.Build.0 = Debug|Any CPU
		{5B578A58-7FC6-475B-8679-D81344919890}.Release|Any CPU.ActiveCfg = Release|Any CPU
		{5B578A58-7FC6-475B-8679-D81344919890}.Release|Any CPU.Build.0 = Release|Any CPU
		{0F70FED9-A677-4BBD-8912-05F97C69BD29}.Debug|Any CPU.ActiveCfg = Debug|Any CPU
		{0F70FED9-A677-4BBD-8912-05F97C69BD29}.Debug|Any CPU.Build.0 = Debug|Any CPU
		{0F70FED9-A677-4BBD-8912-05F97C69BD29}.Release|Any CPU.ActiveCfg = Release|Any CPU
		{0F70FED9-A677-4BBD-8912-05F97C69BD29}.Release|Any CPU.Build.0 = Release|Any CPU
		{9AE363B1-8A62-4343-A09A-53C5DA1F8F91}.Debug|Any CPU.ActiveCfg = Debug|Any CPU
		{9AE363B1-8A62-4343-A09A-53C5DA1F8F91}.Debug|Any CPU.Build.0 = Debug|Any CPU
		{9AE363B1-8A62-4343-A09A-53C5DA1F8F91}.Release|Any CPU.ActiveCfg = Release|Any CPU
		{9AE363B1-8A62-4343-A09A-53C5DA1F8F91}.Release|Any CPU.Build.0 = Release|Any CPU
		{AC89E563-D7EE-4811-9FFB-4B9414269EA5}.Debug|Any CPU.ActiveCfg = Debug|Any CPU
		{AC89E563-D7EE-4811-9FFB-4B9414269EA5}.Debug|Any CPU.Build.0 = Debug|Any CPU
		{AC89E563-D7EE-4811-9FFB-4B9414269EA5}.Release|Any CPU.ActiveCfg = Release|Any CPU
		{AC89E563-D7EE-4811-9FFB-4B9414269EA5}.Release|Any CPU.Build.0 = Release|Any CPU
		{58E393BA-4A10-4897-80E2-50522E49975A}.Debug|Any CPU.ActiveCfg = Debug|Any CPU
		{58E393BA-4A10-4897-80E2-50522E49975A}.Debug|Any CPU.Build.0 = Debug|Any CPU
		{58E393BA-4A10-4897-80E2-50522E49975A}.Release|Any CPU.ActiveCfg = Release|Any CPU
		{58E393BA-4A10-4897-80E2-50522E49975A}.Release|Any CPU.Build.0 = Release|Any CPU
		{0742F3A8-19F2-495B-8A8E-F5ABFC712290}.Debug|Any CPU.ActiveCfg = Debug|Any CPU
		{0742F3A8-19F2-495B-8A8E-F5ABFC712290}.Debug|Any CPU.Build.0 = Debug|Any CPU
		{0742F3A8-19F2-495B-8A8E-F5ABFC712290}.Release|Any CPU.ActiveCfg = Release|Any CPU
		{0742F3A8-19F2-495B-8A8E-F5ABFC712290}.Release|Any CPU.Build.0 = Release|Any CPU
		{C4DAD398-61B9-4C93-8EED-88D2A4D01015}.Debug|Any CPU.ActiveCfg = Debug|Any CPU
		{C4DAD398-61B9-4C93-8EED-88D2A4D01015}.Debug|Any CPU.Build.0 = Debug|Any CPU
		{C4DAD398-61B9-4C93-8EED-88D2A4D01015}.Release|Any CPU.ActiveCfg = Release|Any CPU
		{C4DAD398-61B9-4C93-8EED-88D2A4D01015}.Release|Any CPU.Build.0 = Release|Any CPU
		{9E28CA4F-AE8B-4D12-B787-DA58632B6A0C}.Debug|Any CPU.ActiveCfg = Debug|Any CPU
		{9E28CA4F-AE8B-4D12-B787-DA58632B6A0C}.Debug|Any CPU.Build.0 = Debug|Any CPU
		{9E28CA4F-AE8B-4D12-B787-DA58632B6A0C}.Release|Any CPU.ActiveCfg = Release|Any CPU
		{9E28CA4F-AE8B-4D12-B787-DA58632B6A0C}.Release|Any CPU.Build.0 = Release|Any CPU
		{447BD288-DF2B-49EB-897D-42021581D7BC}.Debug|Any CPU.ActiveCfg = Debug|Any CPU
		{447BD288-DF2B-49EB-897D-42021581D7BC}.Debug|Any CPU.Build.0 = Debug|Any CPU
		{447BD288-DF2B-49EB-897D-42021581D7BC}.Release|Any CPU.ActiveCfg = Release|Any CPU
		{447BD288-DF2B-49EB-897D-42021581D7BC}.Release|Any CPU.Build.0 = Release|Any CPU
		{73DCAA56-4FE5-4C1F-9E38-9875BBEEE51E}.Debug|Any CPU.ActiveCfg = Debug|Any CPU
		{73DCAA56-4FE5-4C1F-9E38-9875BBEEE51E}.Debug|Any CPU.Build.0 = Debug|Any CPU
		{73DCAA56-4FE5-4C1F-9E38-9875BBEEE51E}.Release|Any CPU.ActiveCfg = Release|Any CPU
		{73DCAA56-4FE5-4C1F-9E38-9875BBEEE51E}.Release|Any CPU.Build.0 = Release|Any CPU
		{9ECD4DC2-B6BF-4563-9BC8-6365EB00F0FE}.Debug|Any CPU.ActiveCfg = Debug|Any CPU
		{9ECD4DC2-B6BF-4563-9BC8-6365EB00F0FE}.Debug|Any CPU.Build.0 = Debug|Any CPU
		{9ECD4DC2-B6BF-4563-9BC8-6365EB00F0FE}.Release|Any CPU.ActiveCfg = Release|Any CPU
		{9ECD4DC2-B6BF-4563-9BC8-6365EB00F0FE}.Release|Any CPU.Build.0 = Release|Any CPU
		{07C25AFF-C894-4C3D-88FA-DE7BE8451BE6}.Debug|Any CPU.ActiveCfg = Debug|Any CPU
		{07C25AFF-C894-4C3D-88FA-DE7BE8451BE6}.Debug|Any CPU.Build.0 = Debug|Any CPU
		{07C25AFF-C894-4C3D-88FA-DE7BE8451BE6}.Release|Any CPU.ActiveCfg = Release|Any CPU
		{07C25AFF-C894-4C3D-88FA-DE7BE8451BE6}.Release|Any CPU.Build.0 = Release|Any CPU
		{7B437FB4-9E23-4B8A-A245-4575C7D60CEF}.Debug|Any CPU.ActiveCfg = Debug|Any CPU
		{7B437FB4-9E23-4B8A-A245-4575C7D60CEF}.Debug|Any CPU.Build.0 = Debug|Any CPU
		{7B437FB4-9E23-4B8A-A245-4575C7D60CEF}.Release|Any CPU.ActiveCfg = Release|Any CPU
		{7B437FB4-9E23-4B8A-A245-4575C7D60CEF}.Release|Any CPU.Build.0 = Release|Any CPU
	EndGlobalSection
	GlobalSection(NestedProjects) = preSolution
		{BA5502CD-00DF-4838-9F55-A4129F365CFD} = {17FD7D35-0F91-4BFD-AFD2-F9092F6D99ED}
		{8BE0F61D-AB0E-41EC-AFB8-8DC88ACC9105} = {17FD7D35-0F91-4BFD-AFD2-F9092F6D99ED}
		{1F63922B-8F2E-42A4-9438-28C61373CFE7} = {79710171-A549-4D55-BC59-786CABBC8B55}
		{5B578A58-7FC6-475B-8679-D81344919890} = {79710171-A549-4D55-BC59-786CABBC8B55}
		{0F70FED9-A677-4BBD-8912-05F97C69BD29} = {79710171-A549-4D55-BC59-786CABBC8B55}
		{9AE363B1-8A62-4343-A09A-53C5DA1F8F91} = {79710171-A549-4D55-BC59-786CABBC8B55}
		{AC89E563-D7EE-4811-9FFB-4B9414269EA5} = {79710171-A549-4D55-BC59-786CABBC8B55}
		{58E393BA-4A10-4897-80E2-50522E49975A} = {79710171-A549-4D55-BC59-786CABBC8B55}
		{0742F3A8-19F2-495B-8A8E-F5ABFC712290} = {9D692C7C-B36B-417F-A08E-51C5AEE0C010}
		{C4DAD398-61B9-4C93-8EED-88D2A4D01015} = {9D692C7C-B36B-417F-A08E-51C5AEE0C010}
		{9E28CA4F-AE8B-4D12-B787-DA58632B6A0C} = {9D692C7C-B36B-417F-A08E-51C5AEE0C010}
		{447BD288-DF2B-49EB-897D-42021581D7BC} = {BC2223B0-7543-44BA-846C-5478AC9C2147}
		{73DCAA56-4FE5-4C1F-9E38-9875BBEEE51E} = {BC2223B0-7543-44BA-846C-5478AC9C2147}
		{9ECD4DC2-B6BF-4563-9BC8-6365EB00F0FE} = {BC2223B0-7543-44BA-846C-5478AC9C2147}
		{07C25AFF-C894-4C3D-88FA-DE7BE8451BE6} = {9A77AFBE-EC32-41AD-AD18-C13E42990C96}
		{7B437FB4-9E23-4B8A-A245-4575C7D60CEF} = {389DCE1C-248C-4D63-9F8E-F9A565A2900A}
	EndGlobalSection
EndGlobal
